
Microsoft Visual Studio Solution File, Format Version 12.00
# Visual Studio Version 17
VisualStudioVersion = 17.9.34701.34
MinimumVisualStudioVersion = 10.0.40219.1
Project("{FAE04EC0-301F-11D3-BF4B-00C04F79EFBC}") = "VisualObjectProjectR", "VisualObjectProjectR\VisualObjectProjectR.csproj", "{30F7289A-590C-47B0-B024-CA859F6D577E}"
EndProject
Global
	GlobalSection(SolutionConfigurationPlatforms) = preSolution
		Debug|Any CPU = Debug|Any CPU
		Release|Any CPU = Release|Any CPU
	EndGlobalSection
	GlobalSection(ProjectConfigurationPlatforms) = postSolution
		{30F7289A-590C-47B0-B024-CA859F6D577E}.Debug|Any CPU.ActiveCfg = Debug|Any CPU
		{30F7289A-590C-47B0-B024-CA859F6D577E}.Debug|Any CPU.Build.0 = Debug|Any CPU
		{30F7289A-590C-47B0-B024-CA859F6D577E}.Release|Any CPU.ActiveCfg = Release|Any CPU
		{30F7289A-590C-47B0-B024-CA859F6D577E}.Release|Any CPU.Build.0 = Release|Any CPU
	EndGlobalSection
	GlobalSection(SolutionProperties) = preSolution
		HideSolutionNode = FALSE
	EndGlobalSection
	GlobalSection(ExtensibilityGlobals) = postSolution
		SolutionGuid = {ED23ACAC-933D-4FF5-9F40-2D17BD9E373F}
	EndGlobalSection
EndGlobal
